{
  "name": "personal-assistant-db-tests",
  "lockfileVersion": 3,
  "requires": true,
  "packages": {
    "": {
      "name": "personal-assistant-db-tests",
      "devDependencies": {
        "@electric-sql/pglite": "^0.5.8",
        "@electric-sql/pglite-pgvector": "^0.0.9"
      }
    },
    "node_modules/@electric-sql/pglite": {
      "version": "0.5.8",
      "resolved": "https://registry.npmjs.org/@electric-sql/pglite/-/pglite-0.5.8.tgz",
      "integrity": "sha512-n9tsbUOhwx2epK1V0ZG9Ar4SHWUju04dhmzZXiSBXwBoleOvIfals33NAaWgagQVAL4Rbvx/Ptsu3P+pA09f6Q==",
      "dev": true,
      "license": "Apache-2.0"
    },
    "node_modules/@electric-sql/pglite-pgvector": {
      "version": "0.0.9",
      "resolved": "https://registry.npmjs.org/@electric-sql/pglite-pgvector/-/pglite-pgvector-0.0.9.tgz",
      "integrity": "sha512-ue4iBW651gDQwBwn97Ekv1lYGPvXa1ymHbRbTCSL0Ib286PRDD1VDOwzwEoekZuO/wctMbTzKzlwdgDwYrqZ8A==",
      "dev": true,
      "license": "Apache-2.0",
      "peerDependencies": {
        "@electric-sql/pglite": "0.5.8"
      }
    }
  }
}
