{
  "name": "personal-assistant",
  "lockfileVersion": 3,
  "requires": true,
  "packages": {
    "": {
      "devDependencies": {
        "@supabase/cli": "^1.0.0"
      }
    },
    "node_modules/@supabase/cli": {
      "version": "1.0.0",
      "resolved": "https://registry.npmjs.org/@supabase/cli/-/cli-1.0.0.tgz",
      "integrity": "sha512-Vaqtvm95c7ZI7I1onGoTcd38RyEHWrpqQNk4xI12vySXpChWMSqk3L2efkS4HwcZdu/ymHX+bg5f6eOfdlrTeA==",
      "dev": true,
      "license": "ISC"
    }
  }
}
